
Microsoft Visual Studio Solution File, Format Version 12.00
# Visual Studio Version 16
VisualStudioVersion = 16.0.28902.138
MinimumVisualStudioVersion = 10.0.40219.1
Project("{FAE04EC0-301F-11D3-BF4B-00C04F79EFBC}") = "TestPlayground", "TestPlayground\TestPlayground.csproj", "{F3CB6D86-AADE-49B0-AA1A-CA1947830D7D}"
EndProject
Project("{FAE04EC0-301F-11D3-BF4B-00C04F79EFBC}") = "TestDebugger", "TestDebugger\TestDebugger.csproj", "{4FE2167D-108F-4831-BC72-829B877E5D11}"
EndProject
Global
	GlobalSection(SolutionConfigurationPlatforms) = preSolution
		Debug|Any CPU = Debug|Any CPU
		Release|Any CPU = Release|Any CPU
	EndGlobalSection
	GlobalSection(ProjectConfigurationPlatforms) = postSolution
		{F3CB6D86-AADE-49B0-AA1A-CA1947830D7D}.Debug|Any CPU.ActiveCfg = Debug|Any CPU
		{F3CB6D86-AADE-49B0-AA1A-CA1947830D7D}.Debug|Any CPU.Build.0 = Debug|Any CPU
		{F3CB6D86-AADE-49B0-AA1A-CA1947830D7D}.Release|Any CPU.ActiveCfg = Release|Any CPU
		{F3CB6D86-AADE-49B0-AA1A-CA1947830D7D}.Release|Any CPU.Build.0 = Release|Any CPU
		{4FE2167D-108F-4831-BC72-829B877E5D11}.Debug|Any CPU.ActiveCfg = Debug|Any CPU
		{4FE2167D-108F-4831-BC72-829B877E5D11}.Debug|Any CPU.Build.0 = Debug|Any CPU
		{4FE2167D-108F-4831-BC72-829B877E5D11}.Release|Any CPU.ActiveCfg = Release|Any CPU
		{4FE2167D-108F-4831-BC72-829B877E5D11}.Release|Any CPU.Build.0 = Release|Any CPU
	EndGlobalSection
	GlobalSection(SolutionProperties) = preSolution
		HideSolutionNode = FALSE
	EndGlobalSection
	GlobalSection(ExtensibilityGlobals) = postSolution
		SolutionGuid = {AAD95F44-6104-4D85-96B4-AB87E93C2096}
	EndGlobalSection
EndGlobal
